
Microsoft Visual Studio Solution File, Format Version 12.00
# Visual Studio Version 17
VisualStudioVersion = 17.6.33815.320
MinimumVisualStudioVersion = 10.0.40219.1
Project("{FAE04EC0-301F-11D3-BF4B-00C04F79EFBC}") = "ConExercise-01", "ConExercise-01.csproj", "{9763FDB5-BD7C-4BB4-875A-94EE381413DA}"
EndProject
Global
	GlobalSection(SolutionConfigurationPlatforms) = preSolution
		Debug|Any CPU = Debug|Any CPU
		Release|Any CPU = Release|Any CPU
	EndGlobalSection
	GlobalSection(ProjectConfigurationPlatforms) = postSolution
		{9763FDB5-BD7C-4BB4-875A-94EE381413DA}.Debug|Any CPU.ActiveCfg = Debug|Any CPU
		{9763FDB5-BD7C-4BB4-875A-94EE381413DA}.Debug|Any CPU.Build.0 = Debug|Any CPU
		{9763FDB5-BD7C-4BB4-875A-94EE381413DA}.Release|Any CPU.ActiveCfg = Release|Any CPU
		{9763FDB5-BD7C-4BB4-875A-94EE381413DA}.Release|Any CPU.Build.0 = Release|Any CPU
	EndGlobalSection
	GlobalSection(SolutionProperties) = preSolution
		HideSolutionNode = FALSE
	EndGlobalSection
	GlobalSection(ExtensibilityGlobals) = postSolution
		SolutionGuid = {355439F3-CD51-4980-88CD-A57CC63A0A88}
	EndGlobalSection
EndGlobal
